
Microsoft Visual Studio Solution File, Format Version 12.00
# Visual Studio 14
VisualStudioVersion = 14.0.25420.1
MinimumVisualStudioVersion = 10.0.40219.1
Project("{2150E333-8FDC-42A3-9474-1A3956D46DE8}") = "src", "src", "{9F6CFFF8-A5AC-4499-ACA5-1889E30810BC}"
EndProject
Project("{2150E333-8FDC-42A3-9474-1A3956D46DE8}") = "Solution Items", "Solution Items", "{B6104F4B-1DCC-49A4-9625-CFE9979ED17B}"
	ProjectSection(SolutionItems) = preProject
		global.json = global.json
	EndProjectSection
EndProject
Project("{8BB2217D-0F2D-49D1-97BC-3654ED321F3B}") = "Rinsen.IdentityProvider", "src\Rinsen.IdentityProvider\Rinsen.IdentityProvider.xproj", "{E3C6AE4E-2D91-464A-96F9-782AE0034D07}"
EndProject
Project("{8BB2217D-0F2D-49D1-97BC-3654ED321F3B}") = "Rinsen.IdentityProvider.Core", "src\Rinsen.IdentityProvider.Core\Rinsen.IdentityProvider.Core.xproj", "{C2AC9117-2BDC-4227-B3C0-79A70884E05B}"
EndProject
Project("{8BB2217D-0F2D-49D1-97BC-3654ED321F3B}") = "Rinsen.IdentityProviderWeb", "src\Rinsen.IdentityProviderWeb\Rinsen.IdentityProviderWeb.xproj", "{024F664D-C715-4FE5-9F06-B88E11BB8D7D}"
EndProject
Project("{8BB2217D-0F2D-49D1-97BC-3654ED321F3B}") = "Rinsen.IdentityProvider.Installation", "src\Rinsen.IdentityProvider.Installation\Rinsen.IdentityProvider.Installation.xproj", "{AA9CAF1A-2A38-4DB2-8603-CD2330B11B49}"
EndProject
Project("{8BB2217D-0F2D-49D1-97BC-3654ED321F3B}") = "Rinsen.IdentityProvider.Client", "src\Rinsen.IdentityProvider.Client\Rinsen.IdentityProvider.Client.xproj", "{E7D206D9-01E2-4382-B57C-F07CF235D648}"
EndProject
Project("{2150E333-8FDC-42A3-9474-1A3956D46DE8}") = "sample", "sample", "{493A28F4-DEF3-43F9-8710-6FF21B1DC8F2}"
EndProject
Project("{8BB2217D-0F2D-49D1-97BC-3654ED321F3B}") = "IdentityClientWeb", "sample\IdentityClientWeb\IdentityClientWeb.xproj", "{ACC62F2F-BB0C-48F4-AEBD-9C99231A2522}"
EndProject
Project("{8BB2217D-0F2D-49D1-97BC-3654ED321F3B}") = "Rinsen.IdentityProvider.Token", "src\Rinsen.IdentityProvider.Token\Rinsen.IdentityProvider.Token.xproj", "{218E8A7E-FAEE-4962-B3DF-78A13A2D0664}"
EndProject
Project("{8BB2217D-0F2D-49D1-97BC-3654ED321F3B}") = "Rinsen.IdentityProvider.Cookie", "src\Rinsen.IdentityProvider.Cookie\Rinsen.IdentityProvider.Cookie.xproj", "{D021B43B-0413-4501-8828-1E9806BD3CD3}"
EndProject
Global
	GlobalSection(SolutionConfigurationPlatforms) = preSolution
		Debug|Any CPU = Debug|Any CPU
		Release|Any CPU = Release|Any CPU
	EndGlobalSection
	GlobalSection(ProjectConfigurationPlatforms) = postSolution
		{E3C6AE4E-2D91-464A-96F9-782AE0034D07}.Debug|Any CPU.ActiveCfg = Debug|Any CPU
		{E3C6AE4E-2D91-464A-96F9-782AE0034D07}.Debug|Any CPU.Build.0 = Debug|Any CPU
		{E3C6AE4E-2D91-464A-96F9-782AE0034D07}.Release|Any CPU.ActiveCfg = Release|Any CPU
		{E3C6AE4E-2D91-464A-96F9-782AE0034D07}.Release|Any CPU.Build.0 = Release|Any CPU
		{C2AC9117-2BDC-4227-B3C0-79A70884E05B}.Debug|Any CPU.ActiveCfg = Debug|Any CPU
		{C2AC9117-2BDC-4227-B3C0-79A70884E05B}.Debug|Any CPU.Build.0 = Debug|Any CPU
		{C2AC9117-2BDC-4227-B3C0-79A70884E05B}.Release|Any CPU.ActiveCfg = Release|Any CPU
		{C2AC9117-2BDC-4227-B3C0-79A70884E05B}.Release|Any CPU.Build.0 = Release|Any CPU
		{024F664D-C715-4FE5-9F06-B88E11BB8D7D}.Debug|Any CPU.ActiveCfg = Debug|Any CPU
		{024F664D-C715-4FE5-9F06-B88E11BB8D7D}.Debug|Any CPU.Build.0 = Debug|Any CPU
		{024F664D-C715-4FE5-9F06-B88E11BB8D7D}.Release|Any CPU.ActiveCfg = Release|Any CPU
		{024F664D-C715-4FE5-9F06-B88E11BB8D7D}.Release|Any CPU.Build.0 = Release|Any CPU
		{AA9CAF1A-2A38-4DB2-8603-CD2330B11B49}.Debug|Any CPU.ActiveCfg = Debug|Any CPU
		{AA9CAF1A-2A38-4DB2-8603-CD2330B11B49}.Debug|Any CPU.Build.0 = Debug|Any CPU
		{AA9CAF1A-2A38-4DB2-8603-CD2330B11B49}.Release|Any CPU.ActiveCfg = Release|Any CPU
		{AA9CAF1A-2A38-4DB2-8603-CD2330B11B49}.Release|Any CPU.Build.0 = Release|Any CPU
		{E7D206D9-01E2-4382-B57C-F07CF235D648}.Debug|Any CPU.ActiveCfg = Debug|Any CPU
		{E7D206D9-01E2-4382-B57C-F07CF235D648}.Debug|Any CPU.Build.0 = Debug|Any CPU
		{E7D206D9-01E2-4382-B57C-F07CF235D648}.Release|Any CPU.ActiveCfg = Release|Any CPU
		{E7D206D9-01E2-4382-B57C-F07CF235D648}.Release|Any CPU.Build.0 = Release|Any CPU
		{ACC62F2F-BB0C-48F4-AEBD-9C99231A2522}.Debug|Any CPU.ActiveCfg = Debug|Any CPU
		{ACC62F2F-BB0C-48F4-AEBD-9C99231A2522}.Debug|Any CPU.Build.0 = Debug|Any CPU
		{ACC62F2F-BB0C-48F4-AEBD-9C99231A2522}.Release|Any CPU.ActiveCfg = Release|Any CPU
		{ACC62F2F-BB0C-48F4-AEBD-9C99231A2522}.Release|Any CPU.Build.0 = Release|Any CPU
		{218E8A7E-FAEE-4962-B3DF-78A13A2D0664}.Debug|Any CPU.ActiveCfg = Debug|Any CPU
		{218E8A7E-FAEE-4962-B3DF-78A13A2D0664}.Debug|Any CPU.Build.0 = Debug|Any CPU
		{218E8A7E-FAEE-4962-B3DF-78A13A2D0664}.Release|Any CPU.ActiveCfg = Release|Any CPU
		{218E8A7E-FAEE-4962-B3DF-78A13A2D0664}.Release|Any CPU.Build.0 = Release|Any CPU
		{D021B43B-0413-4501-8828-1E9806BD3CD3}.Debug|Any CPU.ActiveCfg = Debug|Any CPU
		{D021B43B-0413-4501-8828-1E9806BD3CD3}.Debug|Any CPU.Build.0 = Debug|Any CPU
		{D021B43B-0413-4501-8828-1E9806BD3CD3}.Release|Any CPU.ActiveCfg = Release|Any CPU
		{D021B43B-0413-4501-8828-1E9806BD3CD3}.Release|Any CPU.Build.0 = Release|Any CPU
	EndGlobalSection
	GlobalSection(SolutionProperties) = preSolution
		HideSolutionNode = FALSE
	EndGlobalSection
	GlobalSection(NestedProjects) = preSolution
		{E3C6AE4E-2D91-464A-96F9-782AE0034D07} = {9F6CFFF8-A5AC-4499-ACA5-1889E30810BC}
		{C2AC9117-2BDC-4227-B3C0-79A70884E05B} = {9F6CFFF8-A5AC-4499-ACA5-1889E30810BC}
		{024F664D-C715-4FE5-9F06-B88E11BB8D7D} = {9F6CFFF8-A5AC-4499-ACA5-1889E30810BC}
		{AA9CAF1A-2A38-4DB2-8603-CD2330B11B49} = {9F6CFFF8-A5AC-4499-ACA5-1889E30810BC}
		{E7D206D9-01E2-4382-B57C-F07CF235D648} = {9F6CFFF8-A5AC-4499-ACA5-1889E30810BC}
		{ACC62F2F-BB0C-48F4-AEBD-9C99231A2522} = {493A28F4-DEF3-43F9-8710-6FF21B1DC8F2}
		{218E8A7E-FAEE-4962-B3DF-78A13A2D0664} = {9F6CFFF8-A5AC-4499-ACA5-1889E30810BC}
		{D021B43B-0413-4501-8828-1E9806BD3CD3} = {9F6CFFF8-A5AC-4499-ACA5-1889E30810BC}
	EndGlobalSection
EndGlobal
