
Microsoft Visual Studio Solution File, Format Version 12.00
# Visual Studio 15
VisualStudioVersion = 15.0.26228.12
MinimumVisualStudioVersion = 10.0.40219.1
Project("{2150E333-8FDC-42A3-9474-1A3956D46DE8}") = "src", "src", "{9F6CFFF8-A5AC-4499-ACA5-1889E30810BC}"
EndProject
Project("{2150E333-8FDC-42A3-9474-1A3956D46DE8}") = "Solution Items", "Solution Items", "{B6104F4B-1DCC-49A4-9625-CFE9979ED17B}"
	ProjectSection(SolutionItems) = preProject
		.gitignore = .gitignore
		global.json = global.json
		Rinsen.IdentityProvider.Token.nuspec = Rinsen.IdentityProvider.Token.nuspec
	EndProjectSection
EndProject
Project("{2150E333-8FDC-42A3-9474-1A3956D46DE8}") = "sample", "sample", "{493A28F4-DEF3-43F9-8710-6FF21B1DC8F2}"
EndProject
Project("{2150E333-8FDC-42A3-9474-1A3956D46DE8}") = "tests", "tests", "{BEC5685B-C49D-497F-A317-14A09A6549CF}"
EndProject
Project("{9A19103F-16F7-4668-BE54-9A1E7A4F7556}") = "IdentityClientWeb", "sample\IdentityClientWeb\IdentityClientWeb.csproj", "{B0B4A1CE-097A-49A0-BF4E-BE6CC6C3C897}"
EndProject
Project("{9A19103F-16F7-4668-BE54-9A1E7A4F7556}") = "Rinsen.IdentityProvider", "src\Rinsen.IdentityProvider\Rinsen.IdentityProvider.csproj", "{1D60E7C7-8B3C-4CF1-ABDD-312A91082A99}"
EndProject
Project("{9A19103F-16F7-4668-BE54-9A1E7A4F7556}") = "Rinsen.IdentityProvider.Contracts", "src\Rinsen.IdentityProvider.Contracts\Rinsen.IdentityProvider.Contracts.csproj", "{36C1B4B6-D60F-487C-BEEB-E24479C6615A}"
EndProject
Project("{9A19103F-16F7-4668-BE54-9A1E7A4F7556}") = "Rinsen.IdentityProvider.Core", "src\Rinsen.IdentityProvider.Core\Rinsen.IdentityProvider.Core.csproj", "{91DFEE19-5FFA-4AC4-8DB0-9E2AD61B113F}"
EndProject
Project("{9A19103F-16F7-4668-BE54-9A1E7A4F7556}") = "Rinsen.IdentityProvider.Token", "src\Rinsen.IdentityProvider.Token\Rinsen.IdentityProvider.Token.csproj", "{239E886A-41EF-438E-A825-117C5270A018}"
EndProject
Project("{9A19103F-16F7-4668-BE54-9A1E7A4F7556}") = "Rinsen.IdentityProvider.Installation", "src\Rinsen.IdentityProvider.Installation\Rinsen.IdentityProvider.Installation.csproj", "{C84AFBEC-8F0D-4B76-B4AA-A0F721EF4307}"
EndProject
Project("{9A19103F-16F7-4668-BE54-9A1E7A4F7556}") = "Rinsen.IdentityProviderWeb", "src\Rinsen.IdentityProviderWeb\Rinsen.IdentityProviderWeb.csproj", "{1273C94E-29A0-4BA4-B50D-29C3D5F34A77}"
EndProject
Project("{9A19103F-16F7-4668-BE54-9A1E7A4F7556}") = "Rinsen.IdentityProvider.Core.Tests", "test\Rinsen.IdentityProvider.Core.Tests\Rinsen.IdentityProvider.Core.Tests.csproj", "{AF3CE7E8-8D41-4AC2-8C6B-DD2F2403DBCE}"
EndProject
Global
	GlobalSection(SolutionConfigurationPlatforms) = preSolution
		Debug|Any CPU = Debug|Any CPU
		Debug|x64 = Debug|x64
		Debug|x86 = Debug|x86
		Release|Any CPU = Release|Any CPU
		Release|x64 = Release|x64
		Release|x86 = Release|x86
	EndGlobalSection
	GlobalSection(ProjectConfigurationPlatforms) = postSolution
		{B0B4A1CE-097A-49A0-BF4E-BE6CC6C3C897}.Debug|Any CPU.ActiveCfg = Debug|Any CPU
		{B0B4A1CE-097A-49A0-BF4E-BE6CC6C3C897}.Debug|Any CPU.Build.0 = Debug|Any CPU
		{B0B4A1CE-097A-49A0-BF4E-BE6CC6C3C897}.Debug|x64.ActiveCfg = Debug|Any CPU
		{B0B4A1CE-097A-49A0-BF4E-BE6CC6C3C897}.Debug|x64.Build.0 = Debug|Any CPU
		{B0B4A1CE-097A-49A0-BF4E-BE6CC6C3C897}.Debug|x86.ActiveCfg = Debug|Any CPU
		{B0B4A1CE-097A-49A0-BF4E-BE6CC6C3C897}.Debug|x86.Build.0 = Debug|Any CPU
		{B0B4A1CE-097A-49A0-BF4E-BE6CC6C3C897}.Release|Any CPU.ActiveCfg = Release|Any CPU
		{B0B4A1CE-097A-49A0-BF4E-BE6CC6C3C897}.Release|Any CPU.Build.0 = Release|Any CPU
		{B0B4A1CE-097A-49A0-BF4E-BE6CC6C3C897}.Release|x64.ActiveCfg = Release|Any CPU
		{B0B4A1CE-097A-49A0-BF4E-BE6CC6C3C897}.Release|x64.Build.0 = Release|Any CPU
		{B0B4A1CE-097A-49A0-BF4E-BE6CC6C3C897}.Release|x86.ActiveCfg = Release|Any CPU
		{B0B4A1CE-097A-49A0-BF4E-BE6CC6C3C897}.Release|x86.Build.0 = Release|Any CPU
		{1D60E7C7-8B3C-4CF1-ABDD-312A91082A99}.Debug|Any CPU.ActiveCfg = Debug|Any CPU
		{1D60E7C7-8B3C-4CF1-ABDD-312A91082A99}.Debug|Any CPU.Build.0 = Debug|Any CPU
		{1D60E7C7-8B3C-4CF1-ABDD-312A91082A99}.Debug|x64.ActiveCfg = Debug|Any CPU
		{1D60E7C7-8B3C-4CF1-ABDD-312A91082A99}.Debug|x64.Build.0 = Debug|Any CPU
		{1D60E7C7-8B3C-4CF1-ABDD-312A91082A99}.Debug|x86.ActiveCfg = Debug|Any CPU
		{1D60E7C7-8B3C-4CF1-ABDD-312A91082A99}.Debug|x86.Build.0 = Debug|Any CPU
		{1D60E7C7-8B3C-4CF1-ABDD-312A91082A99}.Release|Any CPU.ActiveCfg = Release|Any CPU
		{1D60E7C7-8B3C-4CF1-ABDD-312A91082A99}.Release|Any CPU.Build.0 = Release|Any CPU
		{1D60E7C7-8B3C-4CF1-ABDD-312A91082A99}.Release|x64.ActiveCfg = Release|Any CPU
		{1D60E7C7-8B3C-4CF1-ABDD-312A91082A99}.Release|x64.Build.0 = Release|Any CPU
		{1D60E7C7-8B3C-4CF1-ABDD-312A91082A99}.Release|x86.ActiveCfg = Release|Any CPU
		{1D60E7C7-8B3C-4CF1-ABDD-312A91082A99}.Release|x86.Build.0 = Release|Any CPU
		{36C1B4B6-D60F-487C-BEEB-E24479C6615A}.Debug|Any CPU.ActiveCfg = Debug|Any CPU
		{36C1B4B6-D60F-487C-BEEB-E24479C6615A}.Debug|Any CPU.Build.0 = Debug|Any CPU
		{36C1B4B6-D60F-487C-BEEB-E24479C6615A}.Debug|x64.ActiveCfg = Debug|Any CPU
		{36C1B4B6-D60F-487C-BEEB-E24479C6615A}.Debug|x64.Build.0 = Debug|Any CPU
		{36C1B4B6-D60F-487C-BEEB-E24479C6615A}.Debug|x86.ActiveCfg = Debug|Any CPU
		{36C1B4B6-D60F-487C-BEEB-E24479C6615A}.Debug|x86.Build.0 = Debug|Any CPU
		{36C1B4B6-D60F-487C-BEEB-E24479C6615A}.Release|Any CPU.ActiveCfg = Release|Any CPU
		{36C1B4B6-D60F-487C-BEEB-E24479C6615A}.Release|Any CPU.Build.0 = Release|Any CPU
		{36C1B4B6-D60F-487C-BEEB-E24479C6615A}.Release|x64.ActiveCfg = Release|Any CPU
		{36C1B4B6-D60F-487C-BEEB-E24479C6615A}.Release|x64.Build.0 = Release|Any CPU
		{36C1B4B6-D60F-487C-BEEB-E24479C6615A}.Release|x86.ActiveCfg = Release|Any CPU
		{36C1B4B6-D60F-487C-BEEB-E24479C6615A}.Release|x86.Build.0 = Release|Any CPU
		{91DFEE19-5FFA-4AC4-8DB0-9E2AD61B113F}.Debug|Any CPU.ActiveCfg = Debug|Any CPU
		{91DFEE19-5FFA-4AC4-8DB0-9E2AD61B113F}.Debug|Any CPU.Build.0 = Debug|Any CPU
		{91DFEE19-5FFA-4AC4-8DB0-9E2AD61B113F}.Debug|x64.ActiveCfg = Debug|Any CPU
		{91DFEE19-5FFA-4AC4-8DB0-9E2AD61B113F}.Debug|x64.Build.0 = Debug|Any CPU
		{91DFEE19-5FFA-4AC4-8DB0-9E2AD61B113F}.Debug|x86.ActiveCfg = Debug|Any CPU
		{91DFEE19-5FFA-4AC4-8DB0-9E2AD61B113F}.Debug|x86.Build.0 = Debug|Any CPU
		{91DFEE19-5FFA-4AC4-8DB0-9E2AD61B113F}.Release|Any CPU.ActiveCfg = Release|Any CPU
		{91DFEE19-5FFA-4AC4-8DB0-9E2AD61B113F}.Release|Any CPU.Build.0 = Release|Any CPU
		{91DFEE19-5FFA-4AC4-8DB0-9E2AD61B113F}.Release|x64.ActiveCfg = Release|Any CPU
		{91DFEE19-5FFA-4AC4-8DB0-9E2AD61B113F}.Release|x64.Build.0 = Release|Any CPU
		{91DFEE19-5FFA-4AC4-8DB0-9E2AD61B113F}.Release|x86.ActiveCfg = Release|Any CPU
		{91DFEE19-5FFA-4AC4-8DB0-9E2AD61B113F}.Release|x86.Build.0 = Release|Any CPU
		{239E886A-41EF-438E-A825-117C5270A018}.Debug|Any CPU.ActiveCfg = Debug|Any CPU
		{239E886A-41EF-438E-A825-117C5270A018}.Debug|Any CPU.Build.0 = Debug|Any CPU
		{239E886A-41EF-438E-A825-117C5270A018}.Debug|x64.ActiveCfg = Debug|Any CPU
		{239E886A-41EF-438E-A825-117C5270A018}.Debug|x64.Build.0 = Debug|Any CPU
		{239E886A-41EF-438E-A825-117C5270A018}.Debug|x86.ActiveCfg = Debug|Any CPU
		{239E886A-41EF-438E-A825-117C5270A018}.Debug|x86.Build.0 = Debug|Any CPU
		{239E886A-41EF-438E-A825-117C5270A018}.Release|Any CPU.ActiveCfg = Release|Any CPU
		{239E886A-41EF-438E-A825-117C5270A018}.Release|Any CPU.Build.0 = Release|Any CPU
		{239E886A-41EF-438E-A825-117C5270A018}.Release|x64.ActiveCfg = Release|Any CPU
		{239E886A-41EF-438E-A825-117C5270A018}.Release|x64.Build.0 = Release|Any CPU
		{239E886A-41EF-438E-A825-117C5270A018}.Release|x86.ActiveCfg = Release|Any CPU
		{239E886A-41EF-438E-A825-117C5270A018}.Release|x86.Build.0 = Release|Any CPU
		{C84AFBEC-8F0D-4B76-B4AA-A0F721EF4307}.Debug|Any CPU.ActiveCfg = Debug|Any CPU
		{C84AFBEC-8F0D-4B76-B4AA-A0F721EF4307}.Debug|Any CPU.Build.0 = Debug|Any CPU
		{C84AFBEC-8F0D-4B76-B4AA-A0F721EF4307}.Debug|x64.ActiveCfg = Debug|Any CPU
		{C84AFBEC-8F0D-4B76-B4AA-A0F721EF4307}.Debug|x64.Build.0 = Debug|Any CPU
		{C84AFBEC-8F0D-4B76-B4AA-A0F721EF4307}.Debug|x86.ActiveCfg = Debug|Any CPU
		{C84AFBEC-8F0D-4B76-B4AA-A0F721EF4307}.Debug|x86.Build.0 = Debug|Any CPU
		{C84AFBEC-8F0D-4B76-B4AA-A0F721EF4307}.Release|Any CPU.ActiveCfg = Release|Any CPU
		{C84AFBEC-8F0D-4B76-B4AA-A0F721EF4307}.Release|Any CPU.Build.0 = Release|Any CPU
		{C84AFBEC-8F0D-4B76-B4AA-A0F721EF4307}.Release|x64.ActiveCfg = Release|Any CPU
		{C84AFBEC-8F0D-4B76-B4AA-A0F721EF4307}.Release|x64.Build.0 = Release|Any CPU
		{C84AFBEC-8F0D-4B76-B4AA-A0F721EF4307}.Release|x86.ActiveCfg = Release|Any CPU
		{C84AFBEC-8F0D-4B76-B4AA-A0F721EF4307}.Release|x86.Build.0 = Release|Any CPU
		{1273C94E-29A0-4BA4-B50D-29C3D5F34A77}.Debug|Any CPU.ActiveCfg = Debug|Any CPU
		{1273C94E-29A0-4BA4-B50D-29C3D5F34A77}.Debug|Any CPU.Build.0 = Debug|Any CPU
		{1273C94E-29A0-4BA4-B50D-29C3D5F34A77}.Debug|x64.ActiveCfg = Debug|Any CPU
		{1273C94E-29A0-4BA4-B50D-29C3D5F34A77}.Debug|x64.Build.0 = Debug|Any CPU
		{1273C94E-29A0-4BA4-B50D-29C3D5F34A77}.Debug|x86.ActiveCfg = Debug|Any CPU
		{1273C94E-29A0-4BA4-B50D-29C3D5F34A77}.Debug|x86.Build.0 = Debug|Any CPU
		{1273C94E-29A0-4BA4-B50D-29C3D5F34A77}.Release|Any CPU.ActiveCfg = Release|Any CPU
		{1273C94E-29A0-4BA4-B50D-29C3D5F34A77}.Release|Any CPU.Build.0 = Release|Any CPU
		{1273C94E-29A0-4BA4-B50D-29C3D5F34A77}.Release|x64.ActiveCfg = Release|Any CPU
		{1273C94E-29A0-4BA4-B50D-29C3D5F34A77}.Release|x64.Build.0 = Release|Any CPU
		{1273C94E-29A0-4BA4-B50D-29C3D5F34A77}.Release|x86.ActiveCfg = Release|Any CPU
		{1273C94E-29A0-4BA4-B50D-29C3D5F34A77}.Release|x86.Build.0 = Release|Any CPU
		{AF3CE7E8-8D41-4AC2-8C6B-DD2F2403DBCE}.Debug|Any CPU.ActiveCfg = Debug|Any CPU
		{AF3CE7E8-8D41-4AC2-8C6B-DD2F2403DBCE}.Debug|Any CPU.Build.0 = Debug|Any CPU
		{AF3CE7E8-8D41-4AC2-8C6B-DD2F2403DBCE}.Debug|x64.ActiveCfg = Debug|Any CPU
		{AF3CE7E8-8D41-4AC2-8C6B-DD2F2403DBCE}.Debug|x64.Build.0 = Debug|Any CPU
		{AF3CE7E8-8D41-4AC2-8C6B-DD2F2403DBCE}.Debug|x86.ActiveCfg = Debug|Any CPU
		{AF3CE7E8-8D41-4AC2-8C6B-DD2F2403DBCE}.Debug|x86.Build.0 = Debug|Any CPU
		{AF3CE7E8-8D41-4AC2-8C6B-DD2F2403DBCE}.Release|Any CPU.ActiveCfg = Release|Any CPU
		{AF3CE7E8-8D41-4AC2-8C6B-DD2F2403DBCE}.Release|Any CPU.Build.0 = Release|Any CPU
		{AF3CE7E8-8D41-4AC2-8C6B-DD2F2403DBCE}.Release|x64.ActiveCfg = Release|Any CPU
		{AF3CE7E8-8D41-4AC2-8C6B-DD2F2403DBCE}.Release|x64.Build.0 = Release|Any CPU
		{AF3CE7E8-8D41-4AC2-8C6B-DD2F2403DBCE}.Release|x86.ActiveCfg = Release|Any CPU
		{AF3CE7E8-8D41-4AC2-8C6B-DD2F2403DBCE}.Release|x86.Build.0 = Release|Any CPU
	EndGlobalSection
	GlobalSection(SolutionProperties) = preSolution
		HideSolutionNode = FALSE
	EndGlobalSection
	GlobalSection(NestedProjects) = preSolution
		{B0B4A1CE-097A-49A0-BF4E-BE6CC6C3C897} = {493A28F4-DEF3-43F9-8710-6FF21B1DC8F2}
		{1D60E7C7-8B3C-4CF1-ABDD-312A91082A99} = {9F6CFFF8-A5AC-4499-ACA5-1889E30810BC}
		{36C1B4B6-D60F-487C-BEEB-E24479C6615A} = {9F6CFFF8-A5AC-4499-ACA5-1889E30810BC}
		{91DFEE19-5FFA-4AC4-8DB0-9E2AD61B113F} = {9F6CFFF8-A5AC-4499-ACA5-1889E30810BC}
		{239E886A-41EF-438E-A825-117C5270A018} = {9F6CFFF8-A5AC-4499-ACA5-1889E30810BC}
		{C84AFBEC-8F0D-4B76-B4AA-A0F721EF4307} = {9F6CFFF8-A5AC-4499-ACA5-1889E30810BC}
		{1273C94E-29A0-4BA4-B50D-29C3D5F34A77} = {9F6CFFF8-A5AC-4499-ACA5-1889E30810BC}
		{AF3CE7E8-8D41-4AC2-8C6B-DD2F2403DBCE} = {BEC5685B-C49D-497F-A317-14A09A6549CF}
	EndGlobalSection
EndGlobal
